{
  "version": 4,
  "terraform_version": "1.15.5",
  "serial": 1,
  "lineage": "14b178aa-747c-b812-5cf8-5a16d48ea041",
  "outputs": {
    "rg_name": {
      "value": "task-resource-group",
      "type": "string"
    }
  },
  "resources": [
    {
      "mode": "managed",
      "type": "azurerm_resource_group",
      "name": "task",
      "provider": "provider[\"registry.terraform.io/hashicorp/azurerm\"]",
      "instances": [
        {
          "schema_version": 0,
          "attributes": {
            "id": "/subscriptions/4d2f3d90-3f7a-4f44-bb7f-bee999a3638b/resourceGroups/task-resource-group",
            "location": "eastus",
            "managed_by": "",
            "name": "task-resource-group",
            "tags": null,
            "timeouts": null
          },
          "sensitive_attributes": [],
          "identity_schema_version": 0,
          "identity": {
            "name": "task-resource-group",
            "subscription_id": "4d2f3d90-3f7a-4f44-bb7f-bee999a3638b"
          },
          "private": "eyJlMmJmYjczMC1lY2FhLTExZTYtOGY4OC0zNDM2M2JjN2M0YzAiOnsiY3JlYXRlIjo1NDAwMDAwMDAwMDAwLCJkZWxldGUiOjU0MDAwMDAwMDAwMDAsInJlYWQiOjMwMDAwMDAwMDAwMCwidXBkYXRlIjo1NDAwMDAwMDAwMDAwfX0="
        }
      ]
    }
  ],
  "check_results": null
}
